{
  "pins" : [
    {
      "identity" : "realm-core",
      "kind" : "remoteSourceControl",
      "location" : "https://github.com/realm/realm-core",
      "state" : {
        "revision" : "9e2f3cb730a546ff33e95c563a85e3cf61f17d17",
        "version" : "12.0.0"
      }
    },
    {
      "identity" : "realm-swift",
      "kind" : "remoteSourceControl",
      "location" : "https://github.com/realm/realm-swift.git",
      "state" : {
        "branch" : "master",
        "revision" : "3232144a4cb4fbfb6263120fd5f8d1d3de7c7ba2"
      }
    }
  ],
  "version" : 2
}
